Microsoft Visual Studio Solution File, Format Version 12.00
# Visual Studio Version 17
VisualStudioVersion = 17.5.2.0
MinimumVisualStudioVersion = 10.0.40219.1
Project("{2150E333-8FDC-42A3-9474-1A3956D46DE8}") = "serie2", "serie2", "{C74F7007-4384-B20B-B460-ABCF16840685}"
EndProject
Project("{FAE04EC0-301F-11D3-BF4B-00C04F79EFBC}") = "tp1", "serie2\tp1\tp1.csproj", "{3E42F6C0-1E82-1982-DB83-D407B9929BC9}"
EndProject
Global
	GlobalSection(SolutionConfigurationPlatforms) = preSolution
		Debug|Any CPU = Debug|Any CPU
		Release|Any CPU = Release|Any CPU
	EndGlobalSection
	GlobalSection(ProjectConfigurationPlatforms) = postSolution
		{3E42F6C0-1E82-1982-DB83-D407B9929BC9}.Debug|Any CPU.ActiveCfg = Debug|Any CPU
		{3E42F6C0-1E82-1982-DB83-D407B9929BC9}.Debug|Any CPU.Build.0 = Debug|Any CPU
		{3E42F6C0-1E82-1982-DB83-D407B9929BC9}.Release|Any CPU.ActiveCfg = Release|Any CPU
		{3E42F6C0-1E82-1982-DB83-D407B9929BC9}.Release|Any CPU.Build.0 = Release|Any CPU
	EndGlobalSection
	GlobalSection(SolutionProperties) = preSolution
		HideSolutionNode = FALSE
	EndGlobalSection
	GlobalSection(NestedProjects) = preSolution
		{3E42F6C0-1E82-1982-DB83-D407B9929BC9} = {C74F7007-4384-B20B-B460-ABCF16840685}
	EndGlobalSection
	GlobalSection(ExtensibilityGlobals) = postSolution
		SolutionGuid = {DCF4D5B2-A8BE-4C1C-9CC8-07B1CDE4AAFA}
	EndGlobalSection
EndGlobal
